
Microsoft Visual Studio Solution File, Format Version 12.00
# Visual Studio 15
VisualStudioVersion = 15.0.26228.9
MinimumVisualStudioVersion = 10.0.40219.1
Project("{9A19103F-16F7-4668-BE54-9A1E7A4F7556}") = "FraudDetection.Web", "FraudDetection.Web\FraudDetection.Web.csproj", "{98DD7823-B9C7-4FBE-83A2-4CC490476D27}"
EndProject
Project("{9A19103F-16F7-4668-BE54-9A1E7A4F7556}") = "FraudDetection.Console", "FraudDetection.Console\FraudDetection.Console.csproj", "{7CBCF193-D846-4445-8737-7EDC8C22CD7B}"
EndProject
Project("{9A19103F-16F7-4668-BE54-9A1E7A4F7556}") = "FraudDetection.Service", "FraudDetection.Service\FraudDetection.Service.csproj", "{093973BE-3F7B-42D9-B351-AB65D8CB5E00}"
EndProject
Project("{9A19103F-16F7-4668-BE54-9A1E7A4F7556}") = "FraudDetection.Models", "FraudDetection.Models\FraudDetection.Models.csproj", "{E6B12FAF-623A-4982-8896-8C3FF9AA2914}"
EndProject
Project("{2150E333-8FDC-42A3-9474-1A3956D46DE8}") = "Solution Items", "Solution Items", "{66F99DCA-CA26-45C9-BBF8-FFA1C5E508E9}"
	ProjectSection(SolutionItems) = preProject
		.gitignore = .gitignore
	EndProjectSection
EndProject
Project("{9A19103F-16F7-4668-BE54-9A1E7A4F7556}") = "FraudDetection.Web..Client", "FraudDetection.Web.Client\FraudDetection.Web..Client.csproj", "{01DE0A87-54A7-47E6-9479-B5887CA6BCAE}"
EndProject
Global
	GlobalSection(SolutionConfigurationPlatforms) = preSolution
		Debug|Any CPU = Debug|Any CPU
		Release|Any CPU = Release|Any CPU
	EndGlobalSection
	GlobalSection(ProjectConfigurationPlatforms) = postSolution
		{98DD7823-B9C7-4FBE-83A2-4CC490476D27}.Debug|Any CPU.ActiveCfg = Debug|Any CPU
		{98DD7823-B9C7-4FBE-83A2-4CC490476D27}.Debug|Any CPU.Build.0 = Debug|Any CPU
		{98DD7823-B9C7-4FBE-83A2-4CC490476D27}.Release|Any CPU.ActiveCfg = Release|Any CPU
		{98DD7823-B9C7-4FBE-83A2-4CC490476D27}.Release|Any CPU.Build.0 = Release|Any CPU
		{7CBCF193-D846-4445-8737-7EDC8C22CD7B}.Debug|Any CPU.ActiveCfg = Debug|Any CPU
		{7CBCF193-D846-4445-8737-7EDC8C22CD7B}.Debug|Any CPU.Build.0 = Debug|Any CPU
		{7CBCF193-D846-4445-8737-7EDC8C22CD7B}.Release|Any CPU.ActiveCfg = Release|Any CPU
		{7CBCF193-D846-4445-8737-7EDC8C22CD7B}.Release|Any CPU.Build.0 = Release|Any CPU
		{093973BE-3F7B-42D9-B351-AB65D8CB5E00}.Debug|Any CPU.ActiveCfg = Debug|Any CPU
		{093973BE-3F7B-42D9-B351-AB65D8CB5E00}.Debug|Any CPU.Build.0 = Debug|Any CPU
		{093973BE-3F7B-42D9-B351-AB65D8CB5E00}.Release|Any CPU.ActiveCfg = Release|Any CPU
		{093973BE-3F7B-42D9-B351-AB65D8CB5E00}.Release|Any CPU.Build.0 = Release|Any CPU
		{E6B12FAF-623A-4982-8896-8C3FF9AA2914}.Debug|Any CPU.ActiveCfg = Debug|Any CPU
		{E6B12FAF-623A-4982-8896-8C3FF9AA2914}.Debug|Any CPU.Build.0 = Debug|Any CPU
		{E6B12FAF-623A-4982-8896-8C3FF9AA2914}.Release|Any CPU.ActiveCfg = Release|Any CPU
		{E6B12FAF-623A-4982-8896-8C3FF9AA2914}.Release|Any CPU.Build.0 = Release|Any CPU
		{01DE0A87-54A7-47E6-9479-B5887CA6BCAE}.Debug|Any CPU.ActiveCfg = Debug|Any CPU
		{01DE0A87-54A7-47E6-9479-B5887CA6BCAE}.Debug|Any CPU.Build.0 = Debug|Any CPU
		{01DE0A87-54A7-47E6-9479-B5887CA6BCAE}.Release|Any CPU.ActiveCfg = Release|Any CPU
		{01DE0A87-54A7-47E6-9479-B5887CA6BCAE}.Release|Any CPU.Build.0 = Release|Any CPU
	EndGlobalSection
	GlobalSection(SolutionProperties) = preSolution
		HideSolutionNode = FALSE
	EndGlobalSection
EndGlobal
